{
  "name": "zeyra",
  "version": "1.0.1",
  "lockfileVersion": 3,
  "requires": true,
  "packages": {
    "": {
      "name": "zeyra",
      "version": "1.0.1",
      "license": "MIT",
      "dependencies": {
        "bytecodec": "^1.2.1"
      },
      "engines": {
        "node": ">=18"
      }
    },
    "node_modules/bytecodec": {
      "version": "1.2.1",
      "resolved": "https://registry.npmjs.org/bytecodec/-/bytecodec-1.2.1.tgz",
      "integrity": "sha512-fCFfbmcbeC1yAaJER3I86d/MLjqbCBxSMtjLsS8k0jwbRv6o6eE+BSvMRwfAjEugcmAi6SEBORiutsp3KEUqfA==",
      "license": "MIT",
      "engines": {
        "node": ">=18"
      }
    }
  }
}
